// !$*UTF8*$!
{
	archiveVersion = 1;
	classes = {
	};
	objectVersion = 56;
	objects = {

/* Begin PBXBuildFile section */
		812CF8472C8ECE93007D3B61 /* AppDelegate.swift in Sources */ = {isa = PBXBuildFile; fileRef = 812CF8462C8ECE93007D3B61 /* AppDelegate.swift */; };
		812CF8492C8ECE93007D3B61 /* SceneDelegate.swift in Sources */ = {isa = PBXBuildFile; fileRef = 812CF8482C8ECE93007D3B61 /* SceneDelegate.swift */; };
		812CF84B2C8ECE93007D3B61 /* ViewController.swift in Sources */ = {isa = PBXBuildFile; fileRef = 812CF84A2C8ECE93007D3B61 /* ViewController.swift */; };
		812CF8502C8ECE95007D3B61 /* Assets.xcassets in Resources */ = {isa = PBXBuildFile; fileRef = 812CF84F2C8ECE95007D3B61 /* Assets.xcassets */; };
		812CF8532C8ECE95007D3B61 /* Base in Resources */ = {isa = PBXBuildFile; fileRef = 812CF8522C8ECE95007D3B61 /* Base */; };
		812CF85C2C8F0B73007D3B61 /* NetworkDispatcher.swift in Sources */ = {isa = PBXBuildFile; fileRef = 812CF85B2C8F0B73007D3B61 /* NetworkDispatcher.swift */; };
		812CF85E2C8F0BDB007D3B61 /* NetworkClient.swift in Sources */ = {isa = PBXBuildFile; fileRef = 812CF85D2C8F0BDB007D3B61 /* NetworkClient.swift */; };
		812CF8602C8F0C06007D3B61 /* NetworkConstants.swift in Sources */ = {isa = PBXBuildFile; fileRef = 812CF85F2C8F0C06007D3B61 /* NetworkConstants.swift */; };
		812CF8622C8F0D48007D3B61 /* NetworkRequest.swift in Sources */ = {isa = PBXBuildFile; fileRef = 812CF8612C8F0D48007D3B61 /* NetworkRequest.swift */; };
		812CF8642C8F0D64007D3B61 /* NetworkRequestError.swift in Sources */ = {isa = PBXBuildFile; fileRef = 812CF8632C8F0D64007D3B61 /* NetworkRequestError.swift */; };
		812CF8662C8F0DE8007D3B61 /* NetworkRouter.swift in Sources */ = {isa = PBXBuildFile; fileRef = 812CF8652C8F0DE8007D3B61 /* NetworkRouter.swift */; };
		812CF8692C8F0EC4007D3B61 /* Encodable+Extension.swift in Sources */ = {isa = PBXBuildFile; fileRef = 812CF8682C8F0EC4007D3B61 /* Encodable+Extension.swift */; };
		812CF86D2C8F0F66007D3B61 /* Config.plist in Resources */ = {isa = PBXBuildFile; fileRef = 812CF86C2C8F0F66007D3B61 /* Config.plist */; };
		812CF86F2C8F1401007D3B61 /* Utilities.swift in Sources */ = {isa = PBXBuildFile; fileRef = 812CF86E2C8F1401007D3B61 /* Utilities.swift */; };
		812CF8782C8F28AE007D3B61 /* TabBarController.swift in Sources */ = {isa = PBXBuildFile; fileRef = 812CF8772C8F28AE007D3B61 /* TabBarController.swift */; };
		812CF87A2C8F28F9007D3B61 /* MovieTvListVC.swift in Sources */ = {isa = PBXBuildFile; fileRef = 812CF8792C8F28F9007D3B61 /* MovieTvListVC.swift */; };
		812CF87C2C8F3406007D3B61 /* FavouriteListVC.swift in Sources */ = {isa = PBXBuildFile; fileRef = 812CF87B2C8F3406007D3B61 /* FavouriteListVC.swift */; };
		812CF8822C8F3934007D3B61 /* Movie.swift in Sources */ = {isa = PBXBuildFile; fileRef = 812CF8812C8F3934007D3B61 /* Movie.swift */; };
		812CF8852C8F39EC007D3B61 /* MovieViewModel.swift in Sources */ = {isa = PBXBuildFile; fileRef = 812CF8842C8F39EC007D3B61 /* MovieViewModel.swift */; };
		812CF8872C8F3C04007D3B61 /* MovieListViewModel.swift in Sources */ = {isa = PBXBuildFile; fileRef = 812CF8862C8F3C04007D3B61 /* MovieListViewModel.swift */; };
		812CF88C2C8F3DE5007D3B61 /* MovieCell.swift in Sources */ = {isa = PBXBuildFile; fileRef = 812CF88B2C8F3DE5007D3B61 /* MovieCell.swift */; };
		812CF88E2C9035BB007D3B61 /* TvSeriesViewModel.swift in Sources */ = {isa = PBXBuildFile; fileRef = 812CF88D2C9035BB007D3B61 /* TvSeriesViewModel.swift */; };
		812CF8902C90361F007D3B61 /* TvSeries.swift in Sources */ = {isa = PBXBuildFile; fileRef = 812CF88F2C90361F007D3B61 /* TvSeries.swift */; };
		812CF8922C9037A1007D3B61 /* TvSeriesListViewModel.swift in Sources */ = {isa = PBXBuildFile; fileRef = 812CF8912C9037A1007D3B61 /* TvSeriesListViewModel.swift */; };
		812CF8962C9039D6007D3B61 /* TvSeriesCell.swift in Sources */ = {isa = PBXBuildFile; fileRef = 812CF8952C9039D6007D3B61 /* TvSeriesCell.swift */; };
		812CF8982C9059A7007D3B61 /* DetailViewModel.swift in Sources */ = {isa = PBXBuildFile; fileRef = 812CF8972C9059A7007D3B61 /* DetailViewModel.swift */; };
		812CF89A2C905C2F007D3B61 /* ContentType.swift in Sources */ = {isa = PBXBuildFile; fileRef = 812CF8992C905C2F007D3B61 /* ContentType.swift */; };
		812CF89C2C905C96007D3B61 /* MovieDetailView.swift in Sources */ = {isa = PBXBuildFile; fileRef = 812CF89B2C905C96007D3B61 /* MovieDetailView.swift */; };
		812CF89E2C905CA4007D3B61 /* TvSeriesDetailView.swift in Sources */ = {isa = PBXBuildFile; fileRef = 812CF89D2C905CA4007D3B61 /* TvSeriesDetailView.swift */; };
		812CF8A02C905EFE007D3B61 /* DetailsVC.swift in Sources */ = {isa = PBXBuildFile; fileRef = 812CF89F2C905EFE007D3B61 /* DetailsVC.swift */; };
		812CF8A32C90B924007D3B61 /* FavouriteManager.swift in Sources */ = {isa = PBXBuildFile; fileRef = 812CF8A22C90B924007D3B61 /* FavouriteManager.swift */; };
		812CF8A52C9185A1007D3B61 /* ListwithPosterVC.swift in Sources */ = {isa = PBXBuildFile; fileRef = 812CF8A42C9185A1007D3B61 /* ListwithPosterVC.swift */; };
		812CF8A72C918893007D3B61 /* PosterCollectionViewCell.swift in Sources */ = {isa = PBXBuildFile; fileRef = 812CF8A62C918893007D3B61 /* PosterCollectionViewCell.swift */; };
		812CF8A92C918906007D3B61 /* HeaderView.swift in Sources */ = {isa = PBXBuildFile; fileRef = 812CF8A82C918906007D3B61 /* HeaderView.swift */; };
/* End PBXBuildFile section */

/* Begin PBXFileReference section */
		812CF8432C8ECE93007D3B61 /* TheMovieDB.app */ = {isa = PBXFileReference; explicitFileType = wrapper.application; includeInIndex = 0; path = TheMovieDB.app; sourceTree = BUILT_PRODUCTS_DIR; };
		812CF8462C8ECE93007D3B61 /* AppDelegate.swift */ = {isa = PBXFileReference; lastKnownFileType = sourcecode.swift; path = AppDelegate.swift; sourceTree = "<group>"; };
		812CF8482C8ECE93007D3B61 /* SceneDelegate.swift */ = {isa = PBXFileReference; lastKnownFileType = sourcecode.swift; path = SceneDelegate.swift; sourceTree = "<group>"; };
		812CF84A2C8ECE93007D3B61 /* ViewController.swift */ = {isa = PBXFileReference; lastKnownFileType = sourcecode.swift; path = ViewController.swift; sourceTree = "<group>"; };
		812CF84F2C8ECE95007D3B61 /* Assets.xcassets */ = {isa = PBXFileReference; lastKnownFileType = folder.assetcatalog; path = Assets.xcassets; sourceTree = "<group>"; };
		812CF8522C8ECE95007D3B61 /* Base */ = {isa = PBXFileReference; lastKnownFileType = file.storyboard; name = Base; path = Base.lproj/LaunchScreen.storyboard; sourceTree = "<group>"; };
		812CF8542C8ECE95007D3B61 /* Info.plist */ = {isa = PBXFileReference; lastKnownFileType = text.plist.xml; path = Info.plist; sourceTree = "<group>"; };
		812CF85B2C8F0B73007D3B61 /* NetworkDispatcher.swift */ = {isa = PBXFileReference; lastKnownFileType = sourcecode.swift; path = NetworkDispatcher.swift; sourceTree = "<group>"; };
		812CF85D2C8F0BDB007D3B61 /* NetworkClient.swift */ = {isa = PBXFileReference; lastKnownFileType = sourcecode.swift; path = NetworkClient.swift; sourceTree = "<group>"; };
		812CF85F2C8F0C06007D3B61 /* NetworkConstants.swift */ = {isa = PBXFileReference; lastKnownFileType = sourcecode.swift; path = NetworkConstants.swift; sourceTree = "<group>"; };
		812CF8612C8F0D48007D3B61 /* NetworkRequest.swift */ = {isa = PBXFileReference; lastKnownFileType = sourcecode.swift; path = NetworkRequest.swift; sourceTree = "<group>"; };
		812CF8632C8F0D64007D3B61 /* NetworkRequestError.swift */ = {isa = PBXFileReference; lastKnownFileType = sourcecode.swift; path = NetworkRequestError.swift; sourceTree = "<group>"; };
		812CF8652C8F0DE8007D3B61 /* NetworkRouter.swift */ = {isa = PBXFileReference; lastKnownFileType = sourcecode.swift; path = NetworkRouter.swift; sourceTree = "<group>"; };
		812CF8682C8F0EC4007D3B61 /* Encodable+Extension.swift */ = {isa = PBXFileReference; lastKnownFileType = sourcecode.swift; path = "Encodable+Extension.swift"; sourceTree = "<group>"; };
		812CF86C2C8F0F66007D3B61 /* Config.plist */ = {isa = PBXFileReference; lastKnownFileType = text.plist.xml; path = Config.plist; sourceTree = "<group>"; };
		812CF86E2C8F1401007D3B61 /* Utilities.swift */ = {isa = PBXFileReference; lastKnownFileType = sourcecode.swift; path = Utilities.swift; sourceTree = "<group>"; };
		812CF8772C8F28AE007D3B61 /* TabBarController.swift */ = {isa = PBXFileReference; lastKnownFileType = sourcecode.swift; path = TabBarController.swift; sourceTree = "<group>"; };
		812CF8792C8F28F9007D3B61 /* MovieTvListVC.swift */ = {isa = PBXFileReference; lastKnownFileType = sourcecode.swift; path = MovieTvListVC.swift; sourceTree = "<group>"; };
		812CF87B2C8F3406007D3B61 /* FavouriteListVC.swift */ = {isa = PBXFileReference; lastKnownFileType = sourcecode.swift; path = FavouriteListVC.swift; sourceTree = "<group>"; };
		812CF8812C8F3934007D3B61 /* Movie.swift */ = {isa = PBXFileReference; lastKnownFileType = sourcecode.swift; path = Movie.swift; sourceTree = "<group>"; };
		812CF8842C8F39EC007D3B61 /* MovieViewModel.swift */ = {isa = PBXFileReference; lastKnownFileType = sourcecode.swift; path = MovieViewModel.swift; sourceTree = "<group>"; };
		812CF8862C8F3C04007D3B61 /* MovieListViewModel.swift */ = {isa = PBXFileReference; lastKnownFileType = sourcecode.swift; path = MovieListViewModel.swift; sourceTree = "<group>"; };
		812CF88B2C8F3DE5007D3B61 /* MovieCell.swift */ = {isa = PBXFileReference; lastKnownFileType = sourcecode.swift; path = MovieCell.swift; sourceTree = "<group>"; };
		812CF88D2C9035BB007D3B61 /* TvSeriesViewModel.swift */ = {isa = PBXFileReference; lastKnownFileType = sourcecode.swift; path = TvSeriesViewModel.swift; sourceTree = "<group>"; };
		812CF88F2C90361F007D3B61 /* TvSeries.swift */ = {isa = PBXFileReference; lastKnownFileType = sourcecode.swift; path = TvSeries.swift; sourceTree = "<group>"; };
		812CF8912C9037A1007D3B61 /* TvSeriesListViewModel.swift */ = {isa = PBXFileReference; lastKnownFileType = sourcecode.swift; path = TvSeriesListViewModel.swift; sourceTree = "<group>"; };
		812CF8952C9039D6007D3B61 /* TvSeriesCell.swift */ = {isa = PBXFileReference; lastKnownFileType = sourcecode.swift; path = TvSeriesCell.swift; sourceTree = "<group>"; };
		812CF8972C9059A7007D3B61 /* DetailViewModel.swift */ = {isa = PBXFileReference; lastKnownFileType = sourcecode.swift; path = DetailViewModel.swift; sourceTree = "<group>"; };
		812CF8992C905C2F007D3B61 /* ContentType.swift */ = {isa = PBXFileReference; lastKnownFileType = sourcecode.swift; path = ContentType.swift; sourceTree = "<group>"; };
		812CF89B2C905C96007D3B61 /* MovieDetailView.swift */ = {isa = PBXFileReference; lastKnownFileType = sourcecode.swift; path = MovieDetailView.swift; sourceTree = "<group>"; };
		812CF89D2C905CA4007D3B61 /* TvSeriesDetailView.swift */ = {isa = PBXFileReference; lastKnownFileType = sourcecode.swift; path = TvSeriesDetailView.swift; sourceTree = "<group>"; };
		812CF89F2C905EFE007D3B61 /* DetailsVC.swift */ = {isa = PBXFileReference; lastKnownFileType = sourcecode.swift; path = DetailsVC.swift; sourceTree = "<group>"; };
		812CF8A22C90B924007D3B61 /* FavouriteManager.swift */ = {isa = PBXFileReference; lastKnownFileType = sourcecode.swift; path = FavouriteManager.swift; sourceTree = "<group>"; };
		812CF8A42C9185A1007D3B61 /* ListwithPosterVC.swift */ = {isa = PBXFileReference; lastKnownFileType = sourcecode.swift; path = ListwithPosterVC.swift; sourceTree = "<group>"; };
		812CF8A62C918893007D3B61 /* PosterCollectionViewCell.swift */ = {isa = PBXFileReference; lastKnownFileType = sourcecode.swift; path = PosterCollectionViewCell.swift; sourceTree = "<group>"; };
		812CF8A82C918906007D3B61 /* HeaderView.swift */ = {isa = PBXFileReference; lastKnownFileType = sourcecode.swift; path = HeaderView.swift; sourceTree = "<group>"; };
/* End PBXFileReference section */

/* Begin PBXFrameworksBuildPhase section */
		812CF8402C8ECE93007D3B61 /* Frameworks */ = {
			isa = PBXFrameworksBuildPhase;
			buildActionMask = 2147483647;
			files = (
			);
			runOnlyForDeploymentPostprocessing = 0;
		};
/* End PBXFrameworksBuildPhase section */

/* Begin PBXGroup section */
		812CF83A2C8ECE93007D3B61 = {
			isa = PBXGroup;
			children = (
				812CF8452C8ECE93007D3B61 /* TheMovieDB */,
				812CF8442C8ECE93007D3B61 /* Products */,
			);
			sourceTree = "<group>";
		};
		812CF8442C8ECE93007D3B61 /* Products */ = {
			isa = PBXGroup;
			children = (
				812CF8432C8ECE93007D3B61 /* TheMovieDB.app */,
			);
			name = Products;
			sourceTree = "<group>";
		};
		812CF8452C8ECE93007D3B61 /* TheMovieDB */ = {
			isa = PBXGroup;
			children = (
				812CF88A2C8F3DCF007D3B61 /* View */,
				812CF8762C8F289A007D3B61 /* Controller */,
				812CF8A12C90B907007D3B61 /* Manager */,
				812CF85A2C8F0B5B007D3B61 /* NetworkManager */,
				812CF8832C8F39D4007D3B61 /* ViewModel */,
				812CF8732C8F24CC007D3B61 /* Models */,
				812CF8702C8F14B8007D3B61 /* Supporters */,
				812CF8672C8F0EAF007D3B61 /* Extensions */,
				812CF84A2C8ECE93007D3B61 /* ViewController.swift */,
				812CF8542C8ECE95007D3B61 /* Info.plist */,
				812CF86C2C8F0F66007D3B61 /* Config.plist */,
			);
			path = TheMovieDB;
			sourceTree = "<group>";
		};
		812CF85A2C8F0B5B007D3B61 /* NetworkManager */ = {
			isa = PBXGroup;
			children = (
				812CF85D2C8F0BDB007D3B61 /* NetworkClient.swift */,
				812CF85F2C8F0C06007D3B61 /* NetworkConstants.swift */,
				812CF85B2C8F0B73007D3B61 /* NetworkDispatcher.swift */,
				812CF8612C8F0D48007D3B61 /* NetworkRequest.swift */,
				812CF8632C8F0D64007D3B61 /* NetworkRequestError.swift */,
				812CF8652C8F0DE8007D3B61 /* NetworkRouter.swift */,
				812CF86E2C8F1401007D3B61 /* Utilities.swift */,
			);
			path = NetworkManager;
			sourceTree = "<group>";
		};
		812CF8672C8F0EAF007D3B61 /* Extensions */ = {
			isa = PBXGroup;
			children = (
				812CF8682C8F0EC4007D3B61 /* Encodable+Extension.swift */,
			);
			path = Extensions;
			sourceTree = "<group>";
		};
		812CF8702C8F14B8007D3B61 /* Supporters */ = {
			isa = PBXGroup;
			children = (
				812CF84F2C8ECE95007D3B61 /* Assets.xcassets */,
				812CF8482C8ECE93007D3B61 /* SceneDelegate.swift */,
				812CF8462C8ECE93007D3B61 /* AppDelegate.swift */,
				812CF8512C8ECE95007D3B61 /* LaunchScreen.storyboard */,
			);
			path = Supporters;
			sourceTree = "<group>";
		};
		812CF8732C8F24CC007D3B61 /* Models */ = {
			isa = PBXGroup;
			children = (
				812CF8802C8F3923007D3B61 /* DataTypes */,
			);
			path = Models;
			sourceTree = "<group>";
		};
		812CF8762C8F289A007D3B61 /* Controller */ = {
			isa = PBXGroup;
			children = (
				812CF8772C8F28AE007D3B61 /* TabBarController.swift */,
				812CF8792C8F28F9007D3B61 /* MovieTvListVC.swift */,
				812CF87B2C8F3406007D3B61 /* FavouriteListVC.swift */,
				812CF89F2C905EFE007D3B61 /* DetailsVC.swift */,
				812CF8A42C9185A1007D3B61 /* ListwithPosterVC.swift */,
			);
			path = Controller;
			sourceTree = "<group>";
		};
		812CF8802C8F3923007D3B61 /* DataTypes */ = {
			isa = PBXGroup;
			children = (
				812CF8812C8F3934007D3B61 /* Movie.swift */,
				812CF88F2C90361F007D3B61 /* TvSeries.swift */,
				812CF8992C905C2F007D3B61 /* ContentType.swift */,
			);
			path = DataTypes;
			sourceTree = "<group>";
		};
		812CF8832C8F39D4007D3B61 /* ViewModel */ = {
			isa = PBXGroup;
			children = (
				812CF8842C8F39EC007D3B61 /* MovieViewModel.swift */,
				812CF8862C8F3C04007D3B61 /* MovieListViewModel.swift */,
				812CF88D2C9035BB007D3B61 /* TvSeriesViewModel.swift */,
				812CF8912C9037A1007D3B61 /* TvSeriesListViewModel.swift */,
				812CF8972C9059A7007D3B61 /* DetailViewModel.swift */,
			);
			path = ViewModel;
			sourceTree = "<group>";
		};
		812CF88A2C8F3DCF007D3B61 /* View */ = {
			isa = PBXGroup;
			children = (
				812CF88B2C8F3DE5007D3B61 /* MovieCell.swift */,
				812CF8952C9039D6007D3B61 /* TvSeriesCell.swift */,
				812CF89B2C905C96007D3B61 /* MovieDetailView.swift */,
				812CF89D2C905CA4007D3B61 /* TvSeriesDetailView.swift */,
				812CF8A62C918893007D3B61 /* PosterCollectionViewCell.swift */,
				812CF8A82C918906007D3B61 /* HeaderView.swift */,
			);
			path = View;
			sourceTree = "<group>";
		};
		812CF8A12C90B907007D3B61 /* Manager */ = {
			isa = PBXGroup;
			children = (
				812CF8A22C90B924007D3B61 /* FavouriteManager.swift */,
			);
			path = Manager;
			sourceTree = "<group>";
		};
/* End PBXGroup section */

/* Begin PBXNativeTarget section */
		812CF8422C8ECE93007D3B61 /* TheMovieDB */ = {
			isa = PBXNativeTarget;
			buildConfigurationList = 812CF8572C8ECE95007D3B61 /* Build configuration list for PBXNativeTarget "TheMovieDB" */;
			buildPhases = (
				812CF83F2C8ECE93007D3B61 /* Sources */,
				812CF8402C8ECE93007D3B61 /* Frameworks */,
				812CF8412C8ECE93007D3B61 /* Resources */,
			);
			buildRules = (
			);
			dependencies = (
			);
			name = TheMovieDB;
			productName = TheMovieDB;
			productReference = 812CF8432C8ECE93007D3B61 /* TheMovieDB.app */;
			productType = "com.apple.product-type.application";
		};
/* End PBXNativeTarget section */

/* Begin PBXProject section */
		812CF83B2C8ECE93007D3B61 /* Project object */ = {
			isa = PBXProject;
			attributes = {
				BuildIndependentTargetsInParallel = 1;
				LastSwiftUpdateCheck = 1540;
				LastUpgradeCheck = 1540;
				TargetAttributes = {
					812CF8422C8ECE93007D3B61 = {
						CreatedOnToolsVersion = 15.4;
					};
				};
			};
			buildConfigurationList = 812CF83E2C8ECE93007D3B61 /* Build configuration list for PBXProject "TheMovieDB" */;
			compatibilityVersion = "Xcode 14.0";
			developmentRegion = en;
			hasScannedForEncodings = 0;
			knownRegions = (
				en,
				Base,
			);
			mainGroup = 812CF83A2C8ECE93007D3B61;
			productRefGroup = 812CF8442C8ECE93007D3B61 /* Products */;
			projectDirPath = "";
			projectRoot = "";
			targets = (
				812CF8422C8ECE93007D3B61 /* TheMovieDB */,
			);
		};
/* End PBXProject section */

/* Begin PBXResourcesBuildPhase section */
		812CF8412C8ECE93007D3B61 /* Resources */ = {
			isa = PBXResourcesBuildPhase;
			buildActionMask = 2147483647;
			files = (
				812CF8502C8ECE95007D3B61 /* Assets.xcassets in Resources */,
				812CF86D2C8F0F66007D3B61 /* Config.plist in Resources */,
				812CF8532C8ECE95007D3B61 /* Base in Resources */,
			);
			runOnlyForDeploymentPostprocessing = 0;
		};
/* End PBXResourcesBuildPhase section */

/* Begin PBXSourcesBuildPhase section */
		812CF83F2C8ECE93007D3B61 /* Sources */ = {
			isa = PBXSourcesBuildPhase;
			buildActionMask = 2147483647;
			files = (
				812CF8962C9039D6007D3B61 /* TvSeriesCell.swift in Sources */,
				812CF8622C8F0D48007D3B61 /* NetworkRequest.swift in Sources */,
				812CF8872C8F3C04007D3B61 /* MovieListViewModel.swift in Sources */,
				812CF88C2C8F3DE5007D3B61 /* MovieCell.swift in Sources */,
				812CF89E2C905CA4007D3B61 /* TvSeriesDetailView.swift in Sources */,
				812CF8642C8F0D64007D3B61 /* NetworkRequestError.swift in Sources */,
				812CF88E2C9035BB007D3B61 /* TvSeriesViewModel.swift in Sources */,
				812CF86F2C8F1401007D3B61 /* Utilities.swift in Sources */,
				812CF8602C8F0C06007D3B61 /* NetworkConstants.swift in Sources */,
				812CF8A72C918893007D3B61 /* PosterCollectionViewCell.swift in Sources */,
				812CF87A2C8F28F9007D3B61 /* MovieTvListVC.swift in Sources */,
				812CF8692C8F0EC4007D3B61 /* Encodable+Extension.swift in Sources */,
				812CF89C2C905C96007D3B61 /* MovieDetailView.swift in Sources */,
				812CF84B2C8ECE93007D3B61 /* ViewController.swift in Sources */,
				812CF8A32C90B924007D3B61 /* FavouriteManager.swift in Sources */,
				812CF8982C9059A7007D3B61 /* DetailViewModel.swift in Sources */,
				812CF85E2C8F0BDB007D3B61 /* NetworkClient.swift in Sources */,
				812CF8472C8ECE93007D3B61 /* AppDelegate.swift in Sources */,
				812CF8492C8ECE93007D3B61 /* SceneDelegate.swift in Sources */,
				812CF8A92C918906007D3B61 /* HeaderView.swift in Sources */,
				812CF87C2C8F3406007D3B61 /* FavouriteListVC.swift in Sources */,
				812CF8852C8F39EC007D3B61 /* MovieViewModel.swift in Sources */,
				812CF89A2C905C2F007D3B61 /* ContentType.swift in Sources */,
				812CF85C2C8F0B73007D3B61 /* NetworkDispatcher.swift in Sources */,
				812CF8662C8F0DE8007D3B61 /* NetworkRouter.swift in Sources */,
				812CF8A02C905EFE007D3B61 /* DetailsVC.swift in Sources */,
				812CF8782C8F28AE007D3B61 /* TabBarController.swift in Sources */,
				812CF8902C90361F007D3B61 /* TvSeries.swift in Sources */,
				812CF8822C8F3934007D3B61 /* Movie.swift in Sources */,
				812CF8A52C9185A1007D3B61 /* ListwithPosterVC.swift in Sources */,
				812CF8922C9037A1007D3B61 /* TvSeriesListViewModel.swift in Sources */,
			);
			runOnlyForDeploymentPostprocessing = 0;
		};
/* End PBXSourcesBuildPhase section */

/* Begin PBXVariantGroup section */
		812CF8512C8ECE95007D3B61 /* LaunchScreen.storyboard */ = {
			isa = PBXVariantGroup;
			children = (
				812CF8522C8ECE95007D3B61 /* Base */,
			);
			name = LaunchScreen.storyboard;
			sourceTree = "<group>";
		};
/* End PBXVariantGroup section */

/* Begin XCBuildConfiguration section */
		812CF8552C8ECE95007D3B61 /* Debug */ = {
			isa = XCBuildConfiguration;
			buildSettings = {
				ALWAYS_SEARCH_USER_PATHS = NO;
				ASSETCATALOG_COMPILER_GENERATE_SWIFT_ASSET_SYMBOL_EXTENSIONS = YES;
				CLANG_ANALYZER_NONNULL = YES;
				CLANG_ANALYZER_NUMBER_OBJECT_CONVERSION = YES_AGGRESSIVE;
				CLANG_CXX_LANGUAGE_STANDARD = "gnu++20";
				CLANG_ENABLE_MODULES = YES;
				CLANG_ENABLE_OBJC_ARC = YES;
				CLANG_ENABLE_OBJC_WEAK = YES;
				CLANG_WARN_BLOCK_CAPTURE_AUTORELEASING = YES;
				CLANG_WARN_BOOL_CONVERSION = YES;
				CLANG_WARN_COMMA = YES;
				CLANG_WARN_CONSTANT_CONVERSION = YES;
				CLANG_WARN_DEPRECATED_OBJC_IMPLEMENTATIONS = YES;
				CLANG_WARN_DIRECT_OBJC_ISA_USAGE = YES_ERROR;
				CLANG_WARN_DOCUMENTATION_COMMENTS = YES;
				CLANG_WARN_EMPTY_BODY = YES;
				CLANG_WARN_ENUM_CONVERSION = YES;
				CLANG_WARN_INFINITE_RECURSION = YES;
				CLANG_WARN_INT_CONVERSION = YES;
				CLANG_WARN_NON_LITERAL_NULL_CONVERSION = YES;
				CLANG_WARN_OBJC_IMPLICIT_RETAIN_SELF = YES;
				CLANG_WARN_OBJC_LITERAL_CONVERSION = YES;
				CLANG_WARN_OBJC_ROOT_CLASS = YES_ERROR;
				CLANG_WARN_QUOTED_INCLUDE_IN_FRAMEWORK_HEADER = YES;
				CLANG_WARN_RANGE_LOOP_ANALYSIS = YES;
				CLANG_WARN_STRICT_PROTOTYPES = YES;
				CLANG_WARN_SUSPICIOUS_MOVE = YES;
				CLANG_WARN_UNGUARDED_AVAILABILITY = YES_AGGRESSIVE;
				CLANG_WARN_UNREACHABLE_CODE = YES;
				CLANG_WARN__DUPLICATE_METHOD_MATCH = YES;
				COPY_PHASE_STRIP = NO;
				DEBUG_INFORMATION_FORMAT = dwarf;
				ENABLE_STRICT_OBJC_MSGSEND = YES;
				ENABLE_TESTABILITY = YES;
				ENABLE_USER_SCRIPT_SANDBOXING = YES;
				GCC_C_LANGUAGE_STANDARD = gnu17;
				GCC_DYNAMIC_NO_PIC = NO;
				GCC_NO_COMMON_BLOCKS = YES;
				GCC_OPTIMIZATION_LEVEL = 0;
				GCC_PREPROCESSOR_DEFINITIONS = (
					"DEBUG=1",
					"$(inherited)",
				);
				GCC_WARN_64_TO_32_BIT_CONVERSION = YES;
				GCC_WARN_ABOUT_RETURN_TYPE = YES_ERROR;
				GCC_WARN_UNDECLARED_SELECTOR = YES;
				GCC_WARN_UNINITIALIZED_AUTOS = YES_AGGRESSIVE;
				GCC_WARN_UNUSED_FUNCTION = YES;
				GCC_WARN_UNUSED_VARIABLE = YES;
				IPHONEOS_DEPLOYMENT_TARGET = 17.5;
				LOCALIZATION_PREFERS_STRING_CATALOGS = YES;
				MTL_ENABLE_DEBUG_INFO = INCLUDE_SOURCE;
				MTL_FAST_MATH = YES;
				ONLY_ACTIVE_ARCH = YES;
				SDKROOT = iphoneos;
				SWIFT_ACTIVE_COMPILATION_CONDITIONS = "DEBUG $(inherited)";
				SWIFT_OPTIMIZATION_LEVEL = "-Onone";
			};
			name = Debug;
		};
		812CF8562C8ECE95007D3B61 /* Release */ = {
			isa = XCBuildConfiguration;
			buildSettings = {
				ALWAYS_SEARCH_USER_PATHS = NO;
				ASSETCATALOG_COMPILER_GENERATE_SWIFT_ASSET_SYMBOL_EXTENSIONS = YES;
				CLANG_ANALYZER_NONNULL = YES;
				CLANG_ANALYZER_NUMBER_OBJECT_CONVERSION = YES_AGGRESSIVE;
				CLANG_CXX_LANGUAGE_STANDARD = "gnu++20";
				CLANG_ENABLE_MODULES = YES;
				CLANG_ENABLE_OBJC_ARC = YES;
				CLANG_ENABLE_OBJC_WEAK = YES;
				CLANG_WARN_BLOCK_CAPTURE_AUTORELEASING = YES;
				CLANG_WARN_BOOL_CONVERSION = YES;
				CLANG_WARN_COMMA = YES;
				CLANG_WARN_CONSTANT_CONVERSION = YES;
				CLANG_WARN_DEPRECATED_OBJC_IMPLEMENTATIONS = YES;
				CLANG_WARN_DIRECT_OBJC_ISA_USAGE = YES_ERROR;
				CLANG_WARN_DOCUMENTATION_COMMENTS = YES;
				CLANG_WARN_EMPTY_BODY = YES;
				CLANG_WARN_ENUM_CONVERSION = YES;
				CLANG_WARN_INFINITE_RECURSION = YES;
				CLANG_WARN_INT_CONVERSION = YES;
				CLANG_WARN_NON_LITERAL_NULL_CONVERSION = YES;
				CLANG_WARN_OBJC_IMPLICIT_RETAIN_SELF = YES;
				CLANG_WARN_OBJC_LITERAL_CONVERSION = YES;
				CLANG_WARN_OBJC_ROOT_CLASS = YES_ERROR;
				CLANG_WARN_QUOTED_INCLUDE_IN_FRAMEWORK_HEADER = YES;
				CLANG_WARN_RANGE_LOOP_ANALYSIS = YES;
				CLANG_WARN_STRICT_PROTOTYPES = YES;
				CLANG_WARN_SUSPICIOUS_MOVE = YES;
				CLANG_WARN_UNGUARDED_AVAILABILITY = YES_AGGRESSIVE;
				CLANG_WARN_UNREACHABLE_CODE = YES;
				CLANG_WARN__DUPLICATE_METHOD_MATCH = YES;
				COPY_PHASE_STRIP = NO;
				DEBUG_INFORMATION_FORMAT = "dwarf-with-dsym";
				ENABLE_NS_ASSERTIONS = NO;
				ENABLE_STRICT_OBJC_MSGSEND = YES;
				ENABLE_USER_SCRIPT_SANDBOXING = YES;
				GCC_C_LANGUAGE_STANDARD = gnu17;
				GCC_NO_COMMON_BLOCKS = YES;
				GCC_WARN_64_TO_32_BIT_CONVERSION = YES;
				GCC_WARN_ABOUT_RETURN_TYPE = YES_ERROR;
				GCC_WARN_UNDECLARED_SELECTOR = YES;
				GCC_WARN_UNINITIALIZED_AUTOS = YES_AGGRESSIVE;
				GCC_WARN_UNUSED_FUNCTION = YES;
				GCC_WARN_UNUSED_VARIABLE = YES;
				IPHONEOS_DEPLOYMENT_TARGET = 17.5;
				LOCALIZATION_PREFERS_STRING_CATALOGS = YES;
				MTL_ENABLE_DEBUG_INFO = NO;
				MTL_FAST_MATH = YES;
				SDKROOT = iphoneos;
				SWIFT_COMPILATION_MODE = wholemodule;
				VALIDATE_PRODUCT = YES;
			};
			name = Release;
		};
		812CF8582C8ECE95007D3B61 /* Debug */ = {
			isa = XCBuildConfiguration;
			buildSettings = {
				ASSETCATALOG_COMPILER_APPICON_NAME = AppIcon;
				ASSETCATALOG_COMPILER_GLOBAL_ACCENT_COLOR_NAME = AccentColor;
				CODE_SIGN_STYLE = Automatic;
				CURRENT_PROJECT_VERSION = 1;
				DEVELOPMENT_TEAM = GNBZP8PU72;
				GENERATE_INFOPLIST_FILE = YES;
				INFOPLIST_FILE = TheMovieDB/Info.plist;
				INFOPLIST_KEY_UIApplicationSupportsIndirectInputEvents = YES;
				INFOPLIST_KEY_UILaunchStoryboardName = LaunchScreen;
				INFOPLIST_KEY_UIMainStoryboardFile = "";
				INFOPLIST_KEY_UISupportedInterfaceOrientations_iPad = "UIInterfaceOrientationPortrait UIInterfaceOrientationPortraitUpsideDown UIInterfaceOrientationLandscapeLeft UIInterfaceOrientationLandscapeRight";
				INFOPLIST_KEY_UISupportedInterfaceOrientations_iPhone = "UIInterfaceOrientationPortrait UIInterfaceOrientationLandscapeLeft UIInterfaceOrientationLandscapeRight";
				LD_RUNPATH_SEARCH_PATHS = (
					"$(inherited)",
					"@executable_path/Frameworks",
				);
				MARKETING_VERSION = 1.0;
				PRODUCT_BUNDLE_IDENTIFIER = com.dmrts.TheMovieDB;
				PRODUCT_NAME = "$(TARGET_NAME)";
				SWIFT_EMIT_LOC_STRINGS = YES;
				SWIFT_VERSION = 5.0;
				TARGETED_DEVICE_FAMILY = "1,2";
			};
			name = Debug;
		};
		812CF8592C8ECE95007D3B61 /* Release */ = {
			isa = XCBuildConfiguration;
			buildSettings = {
				ASSETCATALOG_COMPILER_APPICON_NAME = AppIcon;
				ASSETCATALOG_COMPILER_GLOBAL_ACCENT_COLOR_NAME = AccentColor;
				CODE_SIGN_STYLE = Automatic;
				CURRENT_PROJECT_VERSION = 1;
				DEVELOPMENT_TEAM = GNBZP8PU72;
				GENERATE_INFOPLIST_FILE = YES;
				INFOPLIST_FILE = TheMovieDB/Info.plist;
				INFOPLIST_KEY_UIApplicationSupportsIndirectInputEvents = YES;
				INFOPLIST_KEY_UILaunchStoryboardName = LaunchScreen;
				INFOPLIST_KEY_UIMainStoryboardFile = "";
				INFOPLIST_KEY_UISupportedInterfaceOrientations_iPad = "UIInterfaceOrientationPortrait UIInterfaceOrientationPortraitUpsideDown UIInterfaceOrientationLandscapeLeft UIInterfaceOrientationLandscapeRight";
				INFOPLIST_KEY_UISupportedInterfaceOrientations_iPhone = "UIInterfaceOrientationPortrait UIInterfaceOrientationLandscapeLeft UIInterfaceOrientationLandscapeRight";
				LD_RUNPATH_SEARCH_PATHS = (
					"$(inherited)",
					"@executable_path/Frameworks",
				);
				MARKETING_VERSION = 1.0;
				PRODUCT_BUNDLE_IDENTIFIER = com.dmrts.TheMovieDB;
				PRODUCT_NAME = "$(TARGET_NAME)";
				SWIFT_EMIT_LOC_STRINGS = YES;
				SWIFT_VERSION = 5.0;
				TARGETED_DEVICE_FAMILY = "1,2";
			};
			name = Release;
		};
/* End XCBuildConfiguration section */

/* Begin XCConfigurationList section */
		812CF83E2C8ECE93007D3B61 /* Build configuration list for PBXProject "TheMovieDB" */ = {
			isa = XCConfigurationList;
			buildConfigurations = (
				812CF8552C8ECE95007D3B61 /* Debug */,
				812CF8562C8ECE95007D3B61 /* Release */,
			);
			defaultConfigurationIsVisible = 0;
			defaultConfigurationName = Release;
		};
		812CF8572C8ECE95007D3B61 /* Build configuration list for PBXNativeTarget "TheMovieDB" */ = {
			isa = XCConfigurationList;
			buildConfigurations = (
				812CF8582C8ECE95007D3B61 /* Debug */,
				812CF8592C8ECE95007D3B61 /* Release */,
			);
			defaultConfigurationIsVisible = 0;
			defaultConfigurationName = Release;
		};
/* End XCConfigurationList section */
	};
	rootObject = 812CF83B2C8ECE93007D3B61 /* Project object */;
}
